
Microsoft Visual Studio Solution File, Format Version 12.00
# Visual Studio 15
VisualStudioVersion = 15.0.26430.16
MinimumVisualStudioVersion = 10.0.40219.1
Project("{888888A0-9F3D-457C-B088-3A5042F75D52}") = "codeScapyPic", "codeScapyPic\codeScapyPic.pyproj", "{EAB4B496-FB7D-4FFC-8C2C-603DD9B71C43}"
EndProject
Global
	GlobalSection(SolutionConfigurationPlatforms) = preSolution
		Debug|Any CPU = Debug|Any CPU
		Release|Any CPU = Release|Any CPU
	EndGlobalSection
	GlobalSection(ProjectConfigurationPlatforms) = postSolution
		{EAB4B496-FB7D-4FFC-8C2C-603DD9B71C43}.Debug|Any CPU.ActiveCfg = Debug|Any CPU
		{EAB4B496-FB7D-4FFC-8C2C-603DD9B71C43}.Release|Any CPU.ActiveCfg = Release|Any CPU
	EndGlobalSection
	GlobalSection(SolutionProperties) = preSolution
		HideSolutionNode = FALSE
	EndGlobalSection
EndGlobal
